PODS:
  - SDWebImage (5.10.4):
    - SDWebImage/Core (= 5.10.4)
  - SDWebImage/Core (5.10.4)

DEPENDENCIES:
  - SDWebImage

SPEC REPOS:
  trunk:
    - SDWebImage

SPEC CHECKSUMS:
  SDWebImage: c666b97e1fa9c64b4909816a903322018f0a9c84

PODFILE CHECKSUM: 483556a3655638407a5a8fabb91eaf9dd23bd3be

COCOAPODS: 1.10.1
